{
  "name": "todo-ex",
  "version": "1.0.0",
  "lockfileVersion": 2,
  "requires": true,
  "packages": {
    "": {
      "name": "todo-ex",
      "version": "1.0.0",
      "license": "ISC",
      "dependencies": {
        "@fortawesome/fontawesome-free": "^5.15.4",
        "vazir-font": "^30.1.0"
      }
    },
    "node_modules/@fortawesome/fontawesome-free": {
      "version": "5.15.4",
      "resolved": "https://registry.npmjs.org/@fortawesome/fontawesome-free/-/fontawesome-free-5.15.4.tgz",
      "integrity": "sha512-eYm8vijH/hpzr/6/1CJ/V/Eb1xQFW2nnUKArb3z+yUWv7HTwj6M7SP957oMjfZjAHU6qpoNc2wQvIxBLWYa/Jg==",
      "hasInstallScript": true,
      "engines": {
        "node": ">=6"
      }
    },
    "node_modules/vazir-font": {
      "version": "30.1.0",
      "resolved": "https://registry.npmjs.org/vazir-font/-/vazir-font-30.1.0.tgz",
      "integrity": "sha512-XN2Uprw/Q3QhAAApITykf+v0l4p4FpqvIh0h2XDSJRjwUiYeDpwQxECQF/93ZOCDO2t8haBi6BZZqO8sifYNRg=="
    }
  },
  "dependencies": {
    "@fortawesome/fontawesome-free": {
      "version": "5.15.4",
      "resolved": "https://registry.npmjs.org/@fortawesome/fontawesome-free/-/fontawesome-free-5.15.4.tgz",
      "integrity": "sha512-eYm8vijH/hpzr/6/1CJ/V/Eb1xQFW2nnUKArb3z+yUWv7HTwj6M7SP957oMjfZjAHU6qpoNc2wQvIxBLWYa/Jg=="
    },
    "vazir-font": {
      "version": "30.1.0",
      "resolved": "https://registry.npmjs.org/vazir-font/-/vazir-font-30.1.0.tgz",
      "integrity": "sha512-XN2Uprw/Q3QhAAApITykf+v0l4p4FpqvIh0h2XDSJRjwUiYeDpwQxECQF/93ZOCDO2t8haBi6BZZqO8sifYNRg=="
    }
  }
}
